
Microsoft Visual Studio Solution File, Format Version 12.00
# Visual Studio Version 17
VisualStudioVersion = 17.12.35527.113 d17.12
MinimumVisualStudioVersion = 10.0.40219.1
Project("{2150E333-8FDC-42A3-9474-1A3956D46DE8}") = "src", "src", "{3A5B25AE-FFA2-4880-91E4-1A7037155175}"
EndProject
Project("{2150E333-8FDC-42A3-9474-1A3956D46DE8}") = "Infrastructure", "Infrastructure", "{72A544BC-34D6-4841-8937-F419E6C4E204}"
EndProject
Project("{2150E333-8FDC-42A3-9474-1A3956D46DE8}") = "Core", "Core", "{27616A8F-7DE8-4283-9B29-CB7B09D6FBE7}"
EndProject
Project("{2150E333-8FDC-42A3-9474-1A3956D46DE8}") = "Utils", "Utils", "{E85CB7DF-99AB-480D-BFE0-32FFEA33720D}"
EndProject
Project("{2150E333-8FDC-42A3-9474-1A3956D46DE8}") = "Api", "Api", "{CFDD6849-1AC8-4086-A4B1-32127F04B60A}"
EndProject
Project("{FAE04EC0-301F-11D3-BF4B-00C04F79EFBC}") = "EmpresaApp.Application", "Core\EmpresaApp.Application\EmpresaApp.Application.csproj", "{E5BD0E92-152E-4A36-AECB-64A639DFD6B6}"
EndProject
Project("{FAE04EC0-301F-11D3-BF4B-00C04F79EFBC}") = "EmpresaApp.Domain", "Core\EmpresaApp.Domain\EmpresaApp.Domain.csproj", "{2503225B-9D4C-4A02-A7D8-F986F3D1A346}"
EndProject
Project("{FAE04EC0-301F-11D3-BF4B-00C04F79EFBC}") = "EmpresaApp.Persistence", "Infrastructure\EmpresaApp.Persistence\EmpresaApp.Persistence.csproj", "{C1F5CE56-0CA9-4C6C-A075-BC8777F14C58}"
EndProject
Project("{FAE04EC0-301F-11D3-BF4B-00C04F79EFBC}") = "EmpresaApp.Utils", "Utils\EmpresaApp.Utils\EmpresaApp.Utils.csproj", "{3F8E83E9-81D6-47CC-8438-5AF54D31EB1F}"
EndProject
Project("{FAE04EC0-301F-11D3-BF4B-00C04F79EFBC}") = "EmpresaApp.API", "Api\EmpresaApp.API\EmpresaApp.API.csproj", "{F9CF94B7-4F26-420F-AB41-075864EC9A9A}"
EndProject
Global
	GlobalSection(SolutionConfigurationPlatforms) = preSolution
		Debug|Any CPU = Debug|Any CPU
		Release|Any CPU = Release|Any CPU
	EndGlobalSection
	GlobalSection(ProjectConfigurationPlatforms) = postSolution
		{E5BD0E92-152E-4A36-AECB-64A639DFD6B6}.Debug|Any CPU.ActiveCfg = Debug|Any CPU
		{E5BD0E92-152E-4A36-AECB-64A639DFD6B6}.Debug|Any CPU.Build.0 = Debug|Any CPU
		{E5BD0E92-152E-4A36-AECB-64A639DFD6B6}.Release|Any CPU.ActiveCfg = Release|Any CPU
		{E5BD0E92-152E-4A36-AECB-64A639DFD6B6}.Release|Any CPU.Build.0 = Release|Any CPU
		{2503225B-9D4C-4A02-A7D8-F986F3D1A346}.Debug|Any CPU.ActiveCfg = Debug|Any CPU
		{2503225B-9D4C-4A02-A7D8-F986F3D1A346}.Debug|Any CPU.Build.0 = Debug|Any CPU
		{2503225B-9D4C-4A02-A7D8-F986F3D1A346}.Release|Any CPU.ActiveCfg = Release|Any CPU
		{2503225B-9D4C-4A02-A7D8-F986F3D1A346}.Release|Any CPU.Build.0 = Release|Any CPU
		{C1F5CE56-0CA9-4C6C-A075-BC8777F14C58}.Debug|Any CPU.ActiveCfg = Debug|Any CPU
		{C1F5CE56-0CA9-4C6C-A075-BC8777F14C58}.Debug|Any CPU.Build.0 = Debug|Any CPU
		{C1F5CE56-0CA9-4C6C-A075-BC8777F14C58}.Release|Any CPU.ActiveCfg = Release|Any CPU
		{C1F5CE56-0CA9-4C6C-A075-BC8777F14C58}.Release|Any CPU.Build.0 = Release|Any CPU
		{3F8E83E9-81D6-47CC-8438-5AF54D31EB1F}.Debug|Any CPU.ActiveCfg = Debug|Any CPU
		{3F8E83E9-81D6-47CC-8438-5AF54D31EB1F}.Debug|Any CPU.Build.0 = Debug|Any CPU
		{3F8E83E9-81D6-47CC-8438-5AF54D31EB1F}.Release|Any CPU.ActiveCfg = Release|Any CPU
		{3F8E83E9-81D6-47CC-8438-5AF54D31EB1F}.Release|Any CPU.Build.0 = Release|Any CPU
		{F9CF94B7-4F26-420F-AB41-075864EC9A9A}.Debug|Any CPU.ActiveCfg = Debug|Any CPU
		{F9CF94B7-4F26-420F-AB41-075864EC9A9A}.Debug|Any CPU.Build.0 = Debug|Any CPU
		{F9CF94B7-4F26-420F-AB41-075864EC9A9A}.Release|Any CPU.ActiveCfg = Release|Any CPU
		{F9CF94B7-4F26-420F-AB41-075864EC9A9A}.Release|Any CPU.Build.0 = Release|Any CPU
	EndGlobalSection
	GlobalSection(SolutionProperties) = preSolution
		HideSolutionNode = FALSE
	EndGlobalSection
	GlobalSection(NestedProjects) = preSolution
		{72A544BC-34D6-4841-8937-F419E6C4E204} = {3A5B25AE-FFA2-4880-91E4-1A7037155175}
		{27616A8F-7DE8-4283-9B29-CB7B09D6FBE7} = {3A5B25AE-FFA2-4880-91E4-1A7037155175}
		{E85CB7DF-99AB-480D-BFE0-32FFEA33720D} = {3A5B25AE-FFA2-4880-91E4-1A7037155175}
		{CFDD6849-1AC8-4086-A4B1-32127F04B60A} = {3A5B25AE-FFA2-4880-91E4-1A7037155175}
		{E5BD0E92-152E-4A36-AECB-64A639DFD6B6} = {27616A8F-7DE8-4283-9B29-CB7B09D6FBE7}
		{2503225B-9D4C-4A02-A7D8-F986F3D1A346} = {27616A8F-7DE8-4283-9B29-CB7B09D6FBE7}
		{C1F5CE56-0CA9-4C6C-A075-BC8777F14C58} = {72A544BC-34D6-4841-8937-F419E6C4E204}
		{3F8E83E9-81D6-47CC-8438-5AF54D31EB1F} = {E85CB7DF-99AB-480D-BFE0-32FFEA33720D}
		{F9CF94B7-4F26-420F-AB41-075864EC9A9A} = {CFDD6849-1AC8-4086-A4B1-32127F04B60A}
	EndGlobalSection
EndGlobal
